version: '1'
dependencies:
  canary.openapi.yaml:
    uri: github+stylehound-api:///apps/api-spec/dist/openapi.yaml:latest
    version: ca014a5753dc40af53b09abd03ac54c85729f561
    destinations:
      - src/pages/api/next/docs/openapi/en.openapi.yaml
    artifacts:
      .:
        hash: 6a5899df84f84a8d7e588819b8a2db7bd7e6f93e0087b5e68f15e33285ac190c
  openapi.yaml:
    uri: >-
      github+stylehound-api:///apps/api-spec/dist/openapi.yaml:ca014a5753dc40af53b09abd03ac54c85729f561
    version: ca014a5753dc40af53b09abd03ac54c85729f561
    destinations:
      - src/pages/api/docs/openapi/en.openapi.yaml
    artifacts:
      .:
        hash: 6a5899df84f84a8d7e588819b8a2db7bd7e6f93e0087b5e68f15e33285ac190c
