version: '1'
dependencies:
  canary.openapi.yaml:
    uri: github+stylehound-api:///apps/api-spec/dist/openapi.yaml:latest
    version: d808c3b17be1f7341bb4078f683f54b5d51c64f5
    destinations:
      - src/pages/api/next/docs/openapi/en.openapi.yaml
    artifacts:
      .:
        hash: edd62f884734a6a0b32113598867d41ec835ee1acd808e96ee1651d10db29a65
  openapi.yaml:
    uri: >-
      github+stylehound-api:///apps/api-spec/dist/openapi.yaml:d808c3b17be1f7341bb4078f683f54b5d51c64f5
    version: d808c3b17be1f7341bb4078f683f54b5d51c64f5
    destinations:
      - src/pages/api/docs/openapi/en.openapi.yaml
    artifacts:
      .:
        hash: edd62f884734a6a0b32113598867d41ec835ee1acd808e96ee1651d10db29a65
